
Microsoft Visual Studio Solution File, Format Version 12.00
# Visual Studio Version 16
VisualStudioVersion = 16.0.34601.136
MinimumVisualStudioVersion = 10.0.40219.1
Project("{FAE04EC0-301F-11D3-BF4B-00C04F79EFBC}") = "Webthuetro", "Webthuetro\Webthuetro.csproj", "{401EFE9F-3C32-4517-AB2D-62FC60555995}"
EndProject
Global
	GlobalSection(SolutionConfigurationPlatforms) = preSolution
		Debug|Any CPU = Debug|Any CPU
		Release|Any CPU = Release|Any CPU
	EndGlobalSection
	GlobalSection(ProjectConfigurationPlatforms) = postSolution
		{401EFE9F-3C32-4517-AB2D-62FC60555995}.Debug|Any CPU.ActiveCfg = Debug|Any CPU
		{401EFE9F-3C32-4517-AB2D-62FC60555995}.Debug|Any CPU.Build.0 = Debug|Any CPU
		{401EFE9F-3C32-4517-AB2D-62FC60555995}.Release|Any CPU.ActiveCfg = Release|Any CPU
		{401EFE9F-3C32-4517-AB2D-62FC60555995}.Release|Any CPU.Build.0 = Release|Any CPU
	EndGlobalSection
	GlobalSection(SolutionProperties) = preSolution
		HideSolutionNode = FALSE
	EndGlobalSection
	GlobalSection(ExtensibilityGlobals) = postSolution
		SolutionGuid = {4722014B-D85B-498D-89D2-0193478F04DF}
	EndGlobalSection
EndGlobal
